
Microsoft Visual Studio Solution File, Format Version 12.00
# Visual Studio 15
VisualStudioVersion = 15.0.26606.0
MinimumVisualStudioVersion = 10.0.40219.1
Project("{FAE04EC0-301F-11D3-BF4B-00C04F79EFBC}") = "WinFormOCR", "WinFormOCR\WinFormOCR.csproj", "{52B194BE-B08C-455E-B9D9-7F69E8891434}"
EndProject
Project("{9A19103F-16F7-4668-BE54-9A1E7A4F7556}") = "ChackLib", "ChackLib\ChackLib.csproj", "{8486E0FA-4F57-47B9-A81A-4988C5E579A4}"
EndProject
Project("{9A19103F-16F7-4668-BE54-9A1E7A4F7556}") = "WebAppOCR", "WebAppOCR\WebAppOCR.csproj", "{44BDCD5E-8B94-41EA-A64C-EA9618C4C4B8}"
EndProject
Project("{9A19103F-16F7-4668-BE54-9A1E7A4F7556}") = "WebAppOCR_UnitTest", "WebAppOCR_UnitTest\WebAppOCR_UnitTest.csproj", "{CE6F4CF6-471D-4344-B5E6-A56947AC7BC5}"
EndProject
Global
	GlobalSection(SolutionConfigurationPlatforms) = preSolution
		Debug|Any CPU = Debug|Any CPU
		Release|Any CPU = Release|Any CPU
	EndGlobalSection
	GlobalSection(ProjectConfigurationPlatforms) = postSolution
		{52B194BE-B08C-455E-B9D9-7F69E8891434}.Debug|Any CPU.ActiveCfg = Debug|Any CPU
		{52B194BE-B08C-455E-B9D9-7F69E8891434}.Debug|Any CPU.Build.0 = Debug|Any CPU
		{52B194BE-B08C-455E-B9D9-7F69E8891434}.Release|Any CPU.ActiveCfg = Release|Any CPU
		{52B194BE-B08C-455E-B9D9-7F69E8891434}.Release|Any CPU.Build.0 = Release|Any CPU
		{8486E0FA-4F57-47B9-A81A-4988C5E579A4}.Debug|Any CPU.ActiveCfg = Debug|Any CPU
		{8486E0FA-4F57-47B9-A81A-4988C5E579A4}.Debug|Any CPU.Build.0 = Debug|Any CPU
		{8486E0FA-4F57-47B9-A81A-4988C5E579A4}.Release|Any CPU.ActiveCfg = Release|Any CPU
		{8486E0FA-4F57-47B9-A81A-4988C5E579A4}.Release|Any CPU.Build.0 = Release|Any CPU
		{44BDCD5E-8B94-41EA-A64C-EA9618C4C4B8}.Debug|Any CPU.ActiveCfg = Debug|Any CPU
		{44BDCD5E-8B94-41EA-A64C-EA9618C4C4B8}.Debug|Any CPU.Build.0 = Debug|Any CPU
		{44BDCD5E-8B94-41EA-A64C-EA9618C4C4B8}.Release|Any CPU.ActiveCfg = Release|Any CPU
		{44BDCD5E-8B94-41EA-A64C-EA9618C4C4B8}.Release|Any CPU.Build.0 = Release|Any CPU
		{CE6F4CF6-471D-4344-B5E6-A56947AC7BC5}.Debug|Any CPU.ActiveCfg = Debug|Any CPU
		{CE6F4CF6-471D-4344-B5E6-A56947AC7BC5}.Debug|Any CPU.Build.0 = Debug|Any CPU
		{CE6F4CF6-471D-4344-B5E6-A56947AC7BC5}.Release|Any CPU.ActiveCfg = Release|Any CPU
		{CE6F4CF6-471D-4344-B5E6-A56947AC7BC5}.Release|Any CPU.Build.0 = Release|Any CPU
	EndGlobalSection
	GlobalSection(SolutionProperties) = preSolution
		HideSolutionNode = FALSE
	EndGlobalSection
EndGlobal
